
Microsoft Visual Studio Solution File, Format Version 12.00
# Visual Studio Version 16
VisualStudioVersion = 16.0.31112.23
MinimumVisualStudioVersion = 10.0.40219.1
Project("{9A19103F-16F7-4668-BE54-9A1E7A4F7556}") = "Base", "Libraries\Base\Base.csproj", "{3A7AD8C3-4560-46D0-9AB5-3AB724CB8D10}"
EndProject
Project("{9A19103F-16F7-4668-BE54-9A1E7A4F7556}") = "ServiceManager.App", "Apps\ServiceManager.App\ServiceManager.App.csproj", "{B1ACF76B-BC09-4C1C-B4C3-CCE6BADFBA7E}"
EndProject
Project("{9A19103F-16F7-4668-BE54-9A1E7A4F7556}") = "Base.ObjectDumper", "Libraries\Base.ObjectDumper\Base.ObjectDumper.csproj", "{B7F1646E-B5D0-41E7-B1B1-EBF0879A5B30}"
EndProject
Global
	GlobalSection(SolutionConfigurationPlatforms) = preSolution
		Debug|Any CPU = Debug|Any CPU
		Release|Any CPU = Release|Any CPU
	EndGlobalSection
	GlobalSection(ProjectConfigurationPlatforms) = postSolution
		{3A7AD8C3-4560-46D0-9AB5-3AB724CB8D10}.Debug|Any CPU.ActiveCfg = Debug|Any CPU
		{3A7AD8C3-4560-46D0-9AB5-3AB724CB8D10}.Debug|Any CPU.Build.0 = Debug|Any CPU
		{3A7AD8C3-4560-46D0-9AB5-3AB724CB8D10}.Release|Any CPU.ActiveCfg = Release|Any CPU
		{3A7AD8C3-4560-46D0-9AB5-3AB724CB8D10}.Release|Any CPU.Build.0 = Release|Any CPU
		{B1ACF76B-BC09-4C1C-B4C3-CCE6BADFBA7E}.Debug|Any CPU.ActiveCfg = Debug|Any CPU
		{B1ACF76B-BC09-4C1C-B4C3-CCE6BADFBA7E}.Debug|Any CPU.Build.0 = Debug|Any CPU
		{B1ACF76B-BC09-4C1C-B4C3-CCE6BADFBA7E}.Release|Any CPU.ActiveCfg = Release|Any CPU
		{B1ACF76B-BC09-4C1C-B4C3-CCE6BADFBA7E}.Release|Any CPU.Build.0 = Release|Any CPU
		{B7F1646E-B5D0-41E7-B1B1-EBF0879A5B30}.Debug|Any CPU.ActiveCfg = Debug|Any CPU
		{B7F1646E-B5D0-41E7-B1B1-EBF0879A5B30}.Debug|Any CPU.Build.0 = Debug|Any CPU
		{B7F1646E-B5D0-41E7-B1B1-EBF0879A5B30}.Release|Any CPU.ActiveCfg = Release|Any CPU
		{B7F1646E-B5D0-41E7-B1B1-EBF0879A5B30}.Release|Any CPU.Build.0 = Release|Any CPU
	EndGlobalSection
	GlobalSection(SolutionProperties) = preSolution
		HideSolutionNode = FALSE
	EndGlobalSection
	GlobalSection(ExtensibilityGlobals) = postSolution
		SolutionGuid = {EC74B538-4D96-48AD-8BEC-112E5BCBFB8C}
	EndGlobalSection
EndGlobal
